
Microsoft Visual Studio Solution File, Format Version 12.00
# Visual Studio Version 17
VisualStudioVersion = 17.14.36414.22
MinimumVisualStudioVersion = 10.0.40219.1
Project("{2150E333-8FDC-42A3-9474-1A3956D46DE8}") = "src", "src", "{02EA681E-C7D8-13C7-8484-4AC65E1B71E8}"
EndProject
Project("{2150E333-8FDC-42A3-9474-1A3956D46DE8}") = "Çözüm Öğeleri", "Çözüm Öğeleri", "{AC80F682-3D55-C8F8-4895-A4A9EDD49434}"
	ProjectSection(SolutionItems) = preProject
		ServiceUrls.txt = ServiceUrls.txt
	EndProjectSection
EndProject
Project("{2150E333-8FDC-42A3-9474-1A3956D46DE8}") = "ApiGateways", "ApiGateways", "{4CEC5343-C5D9-45A2-BF56-7EAFAA7A4544}"
EndProject
Project("{2150E333-8FDC-42A3-9474-1A3956D46DE8}") = "BuildingBlocks", "BuildingBlocks", "{7700A783-25A6-4DCC-A3E6-A868CE620286}"
EndProject
Project("{2150E333-8FDC-42A3-9474-1A3956D46DE8}") = "Services", "Services", "{5E473146-3C60-4EC9-8D42-1BE0D3BD46A2}"
EndProject
Project("{2150E333-8FDC-42A3-9474-1A3956D46DE8}") = "Clients", "Clients", "{EC7920C7-258C-4C09-BE59-44002ECCD936}"
EndProject
Project("{2150E333-8FDC-42A3-9474-1A3956D46DE8}") = "WebApiGateway", "WebApiGateway", "{040F1BDE-0693-415C-B8B0-41275E4CBAD8}"
EndProject
Project("{FAE04EC0-301F-11D3-BF4B-00C04F79EFBC}") = "Web.ApiGateway", "src\ApiGateways\WebApiGateway\Web.ApiGateway\Web.ApiGateway.csproj", "{19204207-9822-45EB-A44C-33E2A70F8AFF}"
EndProject
Project("{2150E333-8FDC-42A3-9474-1A3956D46DE8}") = "EventBus", "EventBus", "{3DB26BB5-165A-489F-BA7F-A60AFBA194AE}"
EndProject
Project("{FAE04EC0-301F-11D3-BF4B-00C04F79EFBC}") = "EventBus.Base", "src\BuildingBlocks\EventBus\EventBus.Base\EventBus.Base.csproj", "{64A6103B-3B80-4A89-ACDF-B8D67CAA78C8}"
EndProject
Project("{FAE04EC0-301F-11D3-BF4B-00C04F79EFBC}") = "EventBus.Factory", "src\BuildingBlocks\EventBus\EventBus.Factory\EventBus.Factory.csproj", "{4D6FCE4F-77D1-438D-851D-47B167D76200}"
EndProject
Project("{FAE04EC0-301F-11D3-BF4B-00C04F79EFBC}") = "EventBus.AzureServiceBus", "src\BuildingBlocks\EventBus\EventBus.AzureServiceBus\EventBus.AzureServiceBus.csproj", "{8FDF789C-2A50-4F7D-9CCA-5CA1FC6C2754}"
EndProject
Project("{FAE04EC0-301F-11D3-BF4B-00C04F79EFBC}") = "EventBus.RabbitMQ", "src\BuildingBlocks\EventBus\EventBus.RabbitMQ\EventBus.RabbitMQ.csproj", "{09004877-92D3-4C3A-B1B5-29E28BE71365}"
EndProject
Project("{2150E333-8FDC-42A3-9474-1A3956D46DE8}") = "BlazorWebApp", "BlazorWebApp", "{BE76CDD1-3D9B-46B9-8C52-F3639C8AD762}"
EndProject
Project("{FAE04EC0-301F-11D3-BF4B-00C04F79EFBC}") = "WebApp", "src\Clients\BlazorWebApp\WebApp\WebApp.csproj", "{C11BCC05-2A80-4DC0-B1A5-339ECB9DA209}"
EndProject
Project("{2150E333-8FDC-42A3-9474-1A3956D46DE8}") = "BasketService", "BasketService", "{EFDFF1F4-568C-4126-B680-EEDC60B6C9A2}"
EndProject
Project("{FAE04EC0-301F-11D3-BF4B-00C04F79EFBC}") = "BasketService.Api", "src\Services\BasketService\BasketService.Api\BasketService.Api.csproj", "{8293E24B-0C29-4CBC-89B8-C60B1D0B2950}"
EndProject
Project("{2150E333-8FDC-42A3-9474-1A3956D46DE8}") = "CatalogService", "CatalogService", "{3EF304CB-C50D-4779-9194-EE05C2B71655}"
EndProject
Project("{FAE04EC0-301F-11D3-BF4B-00C04F79EFBC}") = "CatalogService.App", "src\Services\CatalogService\CatalogService.App\CatalogService.App.csproj", "{D624D6AC-2A1C-44CD-9B0D-9B329B1B3631}"
EndProject
Project("{2150E333-8FDC-42A3-9474-1A3956D46DE8}") = "IdentityService", "IdentityService", "{042912F8-CD5A-4D8F-A184-FFC28F948C14}"
EndProject
Project("{FAE04EC0-301F-11D3-BF4B-00C04F79EFBC}") = "IdentityService.Api", "src\Services\IdentityService\IdentityService.Api\IdentityService.Api.csproj", "{5170AE87-6429-4EB7-85A5-F1B7357B715C}"
EndProject
Project("{2150E333-8FDC-42A3-9474-1A3956D46DE8}") = "NotificationService", "NotificationService", "{5DEEFF3C-6D99-450C-B7CF-54045BC44524}"
EndProject
Project("{FAE04EC0-301F-11D3-BF4B-00C04F79EFBC}") = "NotificationService", "src\Services\NotificationService\NotificationService\NotificationService.csproj", "{8C89CA9C-C465-47EF-B319-6E8C43DF7D3D}"
EndProject
Project("{2150E333-8FDC-42A3-9474-1A3956D46DE8}") = "OrderService", "OrderService", "{D2603194-ED70-4121-A33F-80BE34A710C6}"
EndProject
Project("{FAE04EC0-301F-11D3-BF4B-00C04F79EFBC}") = "OrderService.Domain", "src\Services\OrderService\OrderService.Domain\OrderService.Domain.csproj", "{0530427A-0E05-41DE-A908-3D4CBFA450A3}"
EndProject
Project("{FAE04EC0-301F-11D3-BF4B-00C04F79EFBC}") = "OrderService.Application", "src\Services\OrderService\OrderService.Application\OrderService.Application.csproj", "{C7FCD538-9EF1-48C7-A79C-647035B165A8}"
EndProject
Project("{FAE04EC0-301F-11D3-BF4B-00C04F79EFBC}") = "OrderService.Infrastructrue", "src\Services\OrderService\OrderService.Infrastructrue\OrderService.Infrastructrue.csproj", "{5C899F63-755D-4BE8-A737-D7D23405363A}"
EndProject
Project("{FAE04EC0-301F-11D3-BF4B-00C04F79EFBC}") = "OrderService.Api", "src\Services\OrderService\OrderService.Api\OrderService.Api.csproj", "{CB1480B4-463A-4EF3-ABF7-448A8C3499F7}"
EndProject
Project("{2150E333-8FDC-42A3-9474-1A3956D46DE8}") = "PaymentService", "PaymentService", "{5F05450C-071B-459B-919C-BA174BD7FAC8}"
EndProject
Project("{FAE04EC0-301F-11D3-BF4B-00C04F79EFBC}") = "PaymentService.Api", "src\Services\PaymentService\PaymentService.Api\PaymentService.Api.csproj", "{0F18E71B-C6C4-465D-8CBE-35CF69B4F431}"
EndProject
Project("{2150E333-8FDC-42A3-9474-1A3956D46DE8}") = "Test", "Test", "{06C0319C-9643-4423-815A-29CE2D37E223}"
EndProject
Project("{2150E333-8FDC-42A3-9474-1A3956D46DE8}") = "BuildingBlocks", "BuildingBlocks", "{E41E6B81-F4C7-46B4-A57E-CA47B94C36F6}"
EndProject
Project("{FAE04EC0-301F-11D3-BF4B-00C04F79EFBC}") = "EventBus.UnitTest", "Test\BuildingBlocks\EventBus.UnitTest\EventBus.UnitTest.csproj", "{E93980EC-B6FC-4E83-BEEB-C053FBC6FEDD}"
EndProject
Project("{2150E333-8FDC-42A3-9474-1A3956D46DE8}") = "Solution Items", "Solution Items", "{000B413F-037E-4524-BC98-13D77544B237}"
	ProjectSection(SolutionItems) = preProject
		.editorconfig = .editorconfig
	EndProjectSection
EndProject
Global
	GlobalSection(SolutionConfigurationPlatforms) = preSolution
		Debug|Any CPU = Debug|Any CPU
		Release|Any CPU = Release|Any CPU
	EndGlobalSection
	GlobalSection(ProjectConfigurationPlatforms) = postSolution
		{19204207-9822-45EB-A44C-33E2A70F8AFF}.Debug|Any CPU.ActiveCfg = Debug|Any CPU
		{19204207-9822-45EB-A44C-33E2A70F8AFF}.Debug|Any CPU.Build.0 = Debug|Any CPU
		{19204207-9822-45EB-A44C-33E2A70F8AFF}.Release|Any CPU.ActiveCfg = Release|Any CPU
		{19204207-9822-45EB-A44C-33E2A70F8AFF}.Release|Any CPU.Build.0 = Release|Any CPU
		{64A6103B-3B80-4A89-ACDF-B8D67CAA78C8}.Debug|Any CPU.ActiveCfg = Debug|Any CPU
		{64A6103B-3B80-4A89-ACDF-B8D67CAA78C8}.Debug|Any CPU.Build.0 = Debug|Any CPU
		{64A6103B-3B80-4A89-ACDF-B8D67CAA78C8}.Release|Any CPU.ActiveCfg = Release|Any CPU
		{64A6103B-3B80-4A89-ACDF-B8D67CAA78C8}.Release|Any CPU.Build.0 = Release|Any CPU
		{4D6FCE4F-77D1-438D-851D-47B167D76200}.Debug|Any CPU.ActiveCfg = Debug|Any CPU
		{4D6FCE4F-77D1-438D-851D-47B167D76200}.Debug|Any CPU.Build.0 = Debug|Any CPU
		{4D6FCE4F-77D1-438D-851D-47B167D76200}.Release|Any CPU.ActiveCfg = Release|Any CPU
		{4D6FCE4F-77D1-438D-851D-47B167D76200}.Release|Any CPU.Build.0 = Release|Any CPU
		{8FDF789C-2A50-4F7D-9CCA-5CA1FC6C2754}.Debug|Any CPU.ActiveCfg = Debug|Any CPU
		{8FDF789C-2A50-4F7D-9CCA-5CA1FC6C2754}.Debug|Any CPU.Build.0 = Debug|Any CPU
		{8FDF789C-2A50-4F7D-9CCA-5CA1FC6C2754}.Release|Any CPU.ActiveCfg = Release|Any CPU
		{8FDF789C-2A50-4F7D-9CCA-5CA1FC6C2754}.Release|Any CPU.Build.0 = Release|Any CPU
		{09004877-92D3-4C3A-B1B5-29E28BE71365}.Debug|Any CPU.ActiveCfg = Debug|Any CPU
		{09004877-92D3-4C3A-B1B5-29E28BE71365}.Debug|Any CPU.Build.0 = Debug|Any CPU
		{09004877-92D3-4C3A-B1B5-29E28BE71365}.Release|Any CPU.ActiveCfg = Release|Any CPU
		{09004877-92D3-4C3A-B1B5-29E28BE71365}.Release|Any CPU.Build.0 = Release|Any CPU
		{C11BCC05-2A80-4DC0-B1A5-339ECB9DA209}.Debug|Any CPU.ActiveCfg = Debug|Any CPU
		{C11BCC05-2A80-4DC0-B1A5-339ECB9DA209}.Debug|Any CPU.Build.0 = Debug|Any CPU
		{C11BCC05-2A80-4DC0-B1A5-339ECB9DA209}.Release|Any CPU.ActiveCfg = Release|Any CPU
		{C11BCC05-2A80-4DC0-B1A5-339ECB9DA209}.Release|Any CPU.Build.0 = Release|Any CPU
		{8293E24B-0C29-4CBC-89B8-C60B1D0B2950}.Debug|Any CPU.ActiveCfg = Debug|Any CPU
		{8293E24B-0C29-4CBC-89B8-C60B1D0B2950}.Debug|Any CPU.Build.0 = Debug|Any CPU
		{8293E24B-0C29-4CBC-89B8-C60B1D0B2950}.Release|Any CPU.ActiveCfg = Release|Any CPU
		{8293E24B-0C29-4CBC-89B8-C60B1D0B2950}.Release|Any CPU.Build.0 = Release|Any CPU
		{D624D6AC-2A1C-44CD-9B0D-9B329B1B3631}.Debug|Any CPU.ActiveCfg = Debug|Any CPU
		{D624D6AC-2A1C-44CD-9B0D-9B329B1B3631}.Debug|Any CPU.Build.0 = Debug|Any CPU
		{D624D6AC-2A1C-44CD-9B0D-9B329B1B3631}.Release|Any CPU.ActiveCfg = Release|Any CPU
		{D624D6AC-2A1C-44CD-9B0D-9B329B1B3631}.Release|Any CPU.Build.0 = Release|Any CPU
		{5170AE87-6429-4EB7-85A5-F1B7357B715C}.Debug|Any CPU.ActiveCfg = Debug|Any CPU
		{5170AE87-6429-4EB7-85A5-F1B7357B715C}.Debug|Any CPU.Build.0 = Debug|Any CPU
		{5170AE87-6429-4EB7-85A5-F1B7357B715C}.Release|Any CPU.ActiveCfg = Release|Any CPU
		{5170AE87-6429-4EB7-85A5-F1B7357B715C}.Release|Any CPU.Build.0 = Release|Any CPU
		{8C89CA9C-C465-47EF-B319-6E8C43DF7D3D}.Debug|Any CPU.ActiveCfg = Debug|Any CPU
		{8C89CA9C-C465-47EF-B319-6E8C43DF7D3D}.Debug|Any CPU.Build.0 = Debug|Any CPU
		{8C89CA9C-C465-47EF-B319-6E8C43DF7D3D}.Release|Any CPU.ActiveCfg = Release|Any CPU
		{8C89CA9C-C465-47EF-B319-6E8C43DF7D3D}.Release|Any CPU.Build.0 = Release|Any CPU
		{0530427A-0E05-41DE-A908-3D4CBFA450A3}.Debug|Any CPU.ActiveCfg = Debug|Any CPU
		{0530427A-0E05-41DE-A908-3D4CBFA450A3}.Debug|Any CPU.Build.0 = Debug|Any CPU
		{0530427A-0E05-41DE-A908-3D4CBFA450A3}.Release|Any CPU.ActiveCfg = Release|Any CPU
		{0530427A-0E05-41DE-A908-3D4CBFA450A3}.Release|Any CPU.Build.0 = Release|Any CPU
		{C7FCD538-9EF1-48C7-A79C-647035B165A8}.Debug|Any CPU.ActiveCfg = Debug|Any CPU
		{C7FCD538-9EF1-48C7-A79C-647035B165A8}.Debug|Any CPU.Build.0 = Debug|Any CPU
		{C7FCD538-9EF1-48C7-A79C-647035B165A8}.Release|Any CPU.ActiveCfg = Release|Any CPU
		{C7FCD538-9EF1-48C7-A79C-647035B165A8}.Release|Any CPU.Build.0 = Release|Any CPU
		{5C899F63-755D-4BE8-A737-D7D23405363A}.Debug|Any CPU.ActiveCfg = Debug|Any CPU
		{5C899F63-755D-4BE8-A737-D7D23405363A}.Debug|Any CPU.Build.0 = Debug|Any CPU
		{5C899F63-755D-4BE8-A737-D7D23405363A}.Release|Any CPU.ActiveCfg = Release|Any CPU
		{5C899F63-755D-4BE8-A737-D7D23405363A}.Release|Any CPU.Build.0 = Release|Any CPU
		{CB1480B4-463A-4EF3-ABF7-448A8C3499F7}.Debug|Any CPU.ActiveCfg = Debug|Any CPU
		{CB1480B4-463A-4EF3-ABF7-448A8C3499F7}.Debug|Any CPU.Build.0 = Debug|Any CPU
		{CB1480B4-463A-4EF3-ABF7-448A8C3499F7}.Release|Any CPU.ActiveCfg = Release|Any CPU
		{CB1480B4-463A-4EF3-ABF7-448A8C3499F7}.Release|Any CPU.Build.0 = Release|Any CPU
		{0F18E71B-C6C4-465D-8CBE-35CF69B4F431}.Debug|Any CPU.ActiveCfg = Debug|Any CPU
		{0F18E71B-C6C4-465D-8CBE-35CF69B4F431}.Debug|Any CPU.Build.0 = Debug|Any CPU
		{0F18E71B-C6C4-465D-8CBE-35CF69B4F431}.Release|Any CPU.ActiveCfg = Release|Any CPU
		{0F18E71B-C6C4-465D-8CBE-35CF69B4F431}.Release|Any CPU.Build.0 = Release|Any CPU
		{E93980EC-B6FC-4E83-BEEB-C053FBC6FEDD}.Debug|Any CPU.ActiveCfg = Debug|Any CPU
		{E93980EC-B6FC-4E83-BEEB-C053FBC6FEDD}.Debug|Any CPU.Build.0 = Debug|Any CPU
		{E93980EC-B6FC-4E83-BEEB-C053FBC6FEDD}.Release|Any CPU.ActiveCfg = Release|Any CPU
		{E93980EC-B6FC-4E83-BEEB-C053FBC6FEDD}.Release|Any CPU.Build.0 = Release|Any CPU
	EndGlobalSection
	GlobalSection(SolutionProperties) = preSolution
		HideSolutionNode = FALSE
	EndGlobalSection
	GlobalSection(NestedProjects) = preSolution
		{4CEC5343-C5D9-45A2-BF56-7EAFAA7A4544} = {02EA681E-C7D8-13C7-8484-4AC65E1B71E8}
		{7700A783-25A6-4DCC-A3E6-A868CE620286} = {02EA681E-C7D8-13C7-8484-4AC65E1B71E8}
		{5E473146-3C60-4EC9-8D42-1BE0D3BD46A2} = {02EA681E-C7D8-13C7-8484-4AC65E1B71E8}
		{EC7920C7-258C-4C09-BE59-44002ECCD936} = {02EA681E-C7D8-13C7-8484-4AC65E1B71E8}
		{040F1BDE-0693-415C-B8B0-41275E4CBAD8} = {4CEC5343-C5D9-45A2-BF56-7EAFAA7A4544}
		{19204207-9822-45EB-A44C-33E2A70F8AFF} = {040F1BDE-0693-415C-B8B0-41275E4CBAD8}
		{3DB26BB5-165A-489F-BA7F-A60AFBA194AE} = {7700A783-25A6-4DCC-A3E6-A868CE620286}
		{64A6103B-3B80-4A89-ACDF-B8D67CAA78C8} = {3DB26BB5-165A-489F-BA7F-A60AFBA194AE}
		{4D6FCE4F-77D1-438D-851D-47B167D76200} = {3DB26BB5-165A-489F-BA7F-A60AFBA194AE}
		{8FDF789C-2A50-4F7D-9CCA-5CA1FC6C2754} = {3DB26BB5-165A-489F-BA7F-A60AFBA194AE}
		{09004877-92D3-4C3A-B1B5-29E28BE71365} = {3DB26BB5-165A-489F-BA7F-A60AFBA194AE}
		{BE76CDD1-3D9B-46B9-8C52-F3639C8AD762} = {EC7920C7-258C-4C09-BE59-44002ECCD936}
		{C11BCC05-2A80-4DC0-B1A5-339ECB9DA209} = {BE76CDD1-3D9B-46B9-8C52-F3639C8AD762}
		{EFDFF1F4-568C-4126-B680-EEDC60B6C9A2} = {5E473146-3C60-4EC9-8D42-1BE0D3BD46A2}
		{8293E24B-0C29-4CBC-89B8-C60B1D0B2950} = {EFDFF1F4-568C-4126-B680-EEDC60B6C9A2}
		{3EF304CB-C50D-4779-9194-EE05C2B71655} = {5E473146-3C60-4EC9-8D42-1BE0D3BD46A2}
		{D624D6AC-2A1C-44CD-9B0D-9B329B1B3631} = {3EF304CB-C50D-4779-9194-EE05C2B71655}
		{042912F8-CD5A-4D8F-A184-FFC28F948C14} = {5E473146-3C60-4EC9-8D42-1BE0D3BD46A2}
		{5170AE87-6429-4EB7-85A5-F1B7357B715C} = {042912F8-CD5A-4D8F-A184-FFC28F948C14}
		{5DEEFF3C-6D99-450C-B7CF-54045BC44524} = {5E473146-3C60-4EC9-8D42-1BE0D3BD46A2}
		{8C89CA9C-C465-47EF-B319-6E8C43DF7D3D} = {5DEEFF3C-6D99-450C-B7CF-54045BC44524}
		{D2603194-ED70-4121-A33F-80BE34A710C6} = {5E473146-3C60-4EC9-8D42-1BE0D3BD46A2}
		{0530427A-0E05-41DE-A908-3D4CBFA450A3} = {D2603194-ED70-4121-A33F-80BE34A710C6}
		{C7FCD538-9EF1-48C7-A79C-647035B165A8} = {D2603194-ED70-4121-A33F-80BE34A710C6}
		{5C899F63-755D-4BE8-A737-D7D23405363A} = {D2603194-ED70-4121-A33F-80BE34A710C6}
		{CB1480B4-463A-4EF3-ABF7-448A8C3499F7} = {D2603194-ED70-4121-A33F-80BE34A710C6}
		{5F05450C-071B-459B-919C-BA174BD7FAC8} = {5E473146-3C60-4EC9-8D42-1BE0D3BD46A2}
		{0F18E71B-C6C4-465D-8CBE-35CF69B4F431} = {5F05450C-071B-459B-919C-BA174BD7FAC8}
		{E41E6B81-F4C7-46B4-A57E-CA47B94C36F6} = {06C0319C-9643-4423-815A-29CE2D37E223}
		{E93980EC-B6FC-4E83-BEEB-C053FBC6FEDD} = {E41E6B81-F4C7-46B4-A57E-CA47B94C36F6}
	EndGlobalSection
	GlobalSection(ExtensibilityGlobals) = postSolution
		SolutionGuid = {AAD0C271-ADEE-44B6-BA48-CE0FA5F45FE8}
	EndGlobalSection
EndGlobal
